
Microsoft Visual Studio Solution File, Format Version 11.00
# Visual Studio 2010
Project("{8BC9CEB8-8B4A-11D0-8D11-00A0C91BC942}") = "IEStd", "IEStd\IEStd.vcxproj", "{9304959A-2C9D-4B02-BD17-2D989E0874F1}"
EndProject
Project("{8BC9CEB8-8B4A-11D0-8D11-00A0C91BC942}") = "IEMath", "IEMath\IEMath.vcxproj", "{97F7061C-9374-4528-9D6A-9E865DB8FC8B}"
EndProject
Global
	GlobalSection(SolutionConfigurationPlatforms) = preSolution
		Debug|Win32 = Debug|Win32
		Release|Win32 = Release|Win32
	EndGlobalSection
	GlobalSection(ProjectConfigurationPlatforms) = postSolution
		{9304959A-2C9D-4B02-BD17-2D989E0874F1}.Debug|Win32.ActiveCfg = Debug|Win32
		{9304959A-2C9D-4B02-BD17-2D989E0874F1}.Debug|Win32.Build.0 = Debug|Win32
		{9304959A-2C9D-4B02-BD17-2D989E0874F1}.Release|Win32.ActiveCfg = Release|Win32
		{9304959A-2C9D-4B02-BD17-2D989E0874F1}.Release|Win32.Build.0 = Release|Win32
		{97F7061C-9374-4528-9D6A-9E865DB8FC8B}.Debug|Win32.ActiveCfg = Debug|Win32
		{97F7061C-9374-4528-9D6A-9E865DB8FC8B}.Debug|Win32.Build.0 = Debug|Win32
		{97F7061C-9374-4528-9D6A-9E865DB8FC8B}.Release|Win32.ActiveCfg = Release|Win32
		{97F7061C-9374-4528-9D6A-9E865DB8FC8B}.Release|Win32.Build.0 = Release|Win32
	EndGlobalSection
	GlobalSection(SolutionProperties) = preSolution
		HideSolutionNode = FALSE
	EndGlobalSection
EndGlobal
